// !$*UTF8*$!
{
	archiveVersion = 1;
	classes = {
	};
	objectVersion = 56;
	objects = {

/* Begin PBXBuildFile section */
		B21B93A92C103D3C0024E70A /* Automata.swift in Sources */ = {isa = PBXBuildFile; fileRef = B21B93A82C103D3C0024E70A /* Automata.swift */; };
		B21B93AB2C1041700024E70A /* ContentView.swift in Sources */ = {isa = PBXBuildFile; fileRef = B21B93AA2C1041700024E70A /* ContentView.swift */; };
		B21B93AD2C1073F60024E70A /* WelcomeScreen.swift in Sources */ = {isa = PBXBuildFile; fileRef = B21B93AC2C1073F60024E70A /* WelcomeScreen.swift */; };
		B21B93AF2C1074CC0024E70A /* AllowFullAccessView.swift in Sources */ = {isa = PBXBuildFile; fileRef = B21B93AE2C1074CC0024E70A /* AllowFullAccessView.swift */; };
		B21B93B22C1075400024E70A /* HowToUseView.swift in Sources */ = {isa = PBXBuildFile; fileRef = B21B93B12C1075400024E70A /* HowToUseView.swift */; };
		B21B93B42C1077C40024E70A /* Localizable.xcstrings in Resources */ = {isa = PBXBuildFile; fileRef = B21B93B32C1077C40024E70A /* Localizable.xcstrings */; };
		B238601A2C0F15AA00F84480 /* AppDelegate.swift in Sources */ = {isa = PBXBuildFile; fileRef = B23860192C0F15AA00F84480 /* AppDelegate.swift */; };
		B238601C2C0F15AA00F84480 /* SceneDelegate.swift in Sources */ = {isa = PBXBuildFile; fileRef = B238601B2C0F15AA00F84480 /* SceneDelegate.swift */; };
		B23860232C0F15AC00F84480 /* Assets.xcassets in Resources */ = {isa = PBXBuildFile; fileRef = B23860222C0F15AC00F84480 /* Assets.xcassets */; };
		B23860262C0F15AC00F84480 /* Base in Resources */ = {isa = PBXBuildFile; fileRef = B23860252C0F15AC00F84480 /* Base */; };
		B23860342C0F15D800F84480 /* KeyboardViewController.swift in Sources */ = {isa = PBXBuildFile; fileRef = B23860332C0F15D800F84480 /* KeyboardViewController.swift */; };
		B23860382C0F15D800F84480 /* Keyboard.appex in Embed Foundation Extensions */ = {isa = PBXBuildFile; fileRef = B23860312C0F15D800F84480 /* Keyboard.appex */; settings = {ATTRIBUTES = (RemoveHeadersOnCopy, ); }; };
		B29CDF662C129B1000197FC3 /* KeyboardOverlay.swift in Sources */ = {isa = PBXBuildFile; fileRef = B29CDF642C129B1000197FC3 /* KeyboardOverlay.swift */; };
		B29CDF672C129B1000197FC3 /* KeyboardKey.swift in Sources */ = {isa = PBXBuildFile; fileRef = B29CDF652C129B1000197FC3 /* KeyboardKey.swift */; };
		B29CDF682C129C2300197FC3 /* KeyboardOverlay.swift in Sources */ = {isa = PBXBuildFile; fileRef = B29CDF642C129B1000197FC3 /* KeyboardOverlay.swift */; };
/* End PBXBuildFile section */

/* Begin PBXContainerItemProxy section */
		B23860362C0F15D800F84480 /* PBXContainerItemProxy */ = {
			isa = PBXContainerItemProxy;
			containerPortal = B238600E2C0F15AA00F84480 /* Project object */;
			proxyType = 1;
			remoteGlobalIDString = B23860302C0F15D800F84480;
			remoteInfo = Keyboard;
		};
/* End PBXContainerItemProxy section */

/* Begin PBXCopyFilesBuildPhase section */
		B238603C2C0F15D800F84480 /* Embed Foundation Extensions */ = {
			isa = PBXCopyFilesBuildPhase;
			buildActionMask = 2147483647;
			dstPath = "";
			dstSubfolderSpec = 13;
			files = (
				B23860382C0F15D800F84480 /* Keyboard.appex in Embed Foundation Extensions */,
			);
			name = "Embed Foundation Extensions";
			runOnlyForDeploymentPostprocessing = 0;
		};
/* End PBXCopyFilesBuildPhase section */

/* Begin PBXFileReference section */
		B21B93A82C103D3C0024E70A /* Automata.swift */ = {isa = PBXFileReference; lastKnownFileType = sourcecode.swift; path = Automata.swift; sourceTree = "<group>"; };
		B21B93AA2C1041700024E70A /* ContentView.swift */ = {isa = PBXFileReference; lastKnownFileType = sourcecode.swift; path = ContentView.swift; sourceTree = "<group>"; };
		B21B93AC2C1073F60024E70A /* WelcomeScreen.swift */ = {isa = PBXFileReference; lastKnownFileType = sourcecode.swift; path = WelcomeScreen.swift; sourceTree = "<group>"; };
		B21B93AE2C1074CC0024E70A /* AllowFullAccessView.swift */ = {isa = PBXFileReference; lastKnownFileType = sourcecode.swift; path = AllowFullAccessView.swift; sourceTree = "<group>"; };
		B21B93B02C1074E70024E70A /* ko */ = {isa = PBXFileReference; lastKnownFileType = text.plist.strings; name = ko; path = ko.lproj/LaunchScreen.strings; sourceTree = "<group>"; };
		B21B93B12C1075400024E70A /* HowToUseView.swift */ = {isa = PBXFileReference; lastKnownFileType = sourcecode.swift; path = HowToUseView.swift; sourceTree = "<group>"; };
		B21B93B32C1077C40024E70A /* Localizable.xcstrings */ = {isa = PBXFileReference; lastKnownFileType = text.json.xcstrings; path = Localizable.xcstrings; sourceTree = "<group>"; };
		B23860162C0F15AA00F84480 /* MoaKey.app */ = {isa = PBXFileReference; explicitFileType = wrapper.application; includeInIndex = 0; path = MoaKey.app; sourceTree = BUILT_PRODUCTS_DIR; };
		B23860192C0F15AA00F84480 /* AppDelegate.swift */ = {isa = PBXFileReference; lastKnownFileType = sourcecode.swift; path = AppDelegate.swift; sourceTree = "<group>"; };
		B238601B2C0F15AA00F84480 /* SceneDelegate.swift */ = {isa = PBXFileReference; lastKnownFileType = sourcecode.swift; path = SceneDelegate.swift; sourceTree = "<group>"; };
		B23860222C0F15AC00F84480 /* Assets.xcassets */ = {isa = PBXFileReference; lastKnownFileType = folder.assetcatalog; path = Assets.xcassets; sourceTree = "<group>"; };
		B23860252C0F15AC00F84480 /* Base */ = {isa = PBXFileReference; lastKnownFileType = file.storyboard; name = Base; path = Base.lproj/LaunchScreen.storyboard; sourceTree = "<group>"; };
		B23860272C0F15AC00F84480 /* Info.plist */ = {isa = PBXFileReference; lastKnownFileType = text.plist.xml; path = Info.plist; sourceTree = "<group>"; };
		B23860312C0F15D800F84480 /* Keyboard.appex */ = {isa = PBXFileReference; explicitFileType = "wrapper.app-extension"; includeInIndex = 0; path = Keyboard.appex; sourceTree = BUILT_PRODUCTS_DIR; };
		B23860332C0F15D800F84480 /* KeyboardViewController.swift */ = {isa = PBXFileReference; lastKnownFileType = sourcecode.swift; path = KeyboardViewController.swift; sourceTree = "<group>"; };
		B23860352C0F15D800F84480 /* Info.plist */ = {isa = PBXFileReference; lastKnownFileType = text.plist.xml; path = Info.plist; sourceTree = "<group>"; };
		B29CDF642C129B1000197FC3 /* KeyboardOverlay.swift */ = {isa = PBXFileReference; fileEncoding = 4; lastKnownFileType = sourcecode.swift; path = KeyboardOverlay.swift; sourceTree = "<group>"; };
		B29CDF652C129B1000197FC3 /* KeyboardKey.swift */ = {isa = PBXFileReference; fileEncoding = 4; lastKnownFileType = sourcecode.swift; path = KeyboardKey.swift; sourceTree = "<group>"; };
/* End PBXFileReference section */

/* Begin PBXFrameworksBuildPhase section */
		B23860132C0F15AA00F84480 /* Frameworks */ = {
			isa = PBXFrameworksBuildPhase;
			buildActionMask = 2147483647;
			files = (
			);
			runOnlyForDeploymentPostprocessing = 0;
		};
		B238602E2C0F15D800F84480 /* Frameworks */ = {
			isa = PBXFrameworksBuildPhase;
			buildActionMask = 2147483647;
			files = (
			);
			runOnlyForDeploymentPostprocessing = 0;
		};
/* End PBXFrameworksBuildPhase section */

/* Begin PBXGroup section */
		B238600D2C0F15AA00F84480 = {
			isa = PBXGroup;
			children = (
				B23860182C0F15AA00F84480 /* MoaKey */,
				B23860322C0F15D800F84480 /* Keyboard */,
				B23860172C0F15AA00F84480 /* Products */,
			);
			sourceTree = "<group>";
		};
		B23860172C0F15AA00F84480 /* Products */ = {
			isa = PBXGroup;
			children = (
				B23860162C0F15AA00F84480 /* MoaKey.app */,
				B23860312C0F15D800F84480 /* Keyboard.appex */,
			);
			name = Products;
			sourceTree = "<group>";
		};
		B23860182C0F15AA00F84480 /* MoaKey */ = {
			isa = PBXGroup;
			children = (
				B23860192C0F15AA00F84480 /* AppDelegate.swift */,
				B238601B2C0F15AA00F84480 /* SceneDelegate.swift */,
				B21B93AA2C1041700024E70A /* ContentView.swift */,
				B21B93AC2C1073F60024E70A /* WelcomeScreen.swift */,
				B21B93AE2C1074CC0024E70A /* AllowFullAccessView.swift */,
				B21B93B12C1075400024E70A /* HowToUseView.swift */,
				B21B93B32C1077C40024E70A /* Localizable.xcstrings */,
				B23860222C0F15AC00F84480 /* Assets.xcassets */,
				B23860242C0F15AC00F84480 /* LaunchScreen.storyboard */,
				B23860272C0F15AC00F84480 /* Info.plist */,
			);
			path = MoaKey;
			sourceTree = "<group>";
		};
		B23860322C0F15D800F84480 /* Keyboard */ = {
			isa = PBXGroup;
			children = (
				B23860332C0F15D800F84480 /* KeyboardViewController.swift */,
				B23860352C0F15D800F84480 /* Info.plist */,
				B21B93A82C103D3C0024E70A /* Automata.swift */,
				B29CDF652C129B1000197FC3 /* KeyboardKey.swift */,
				B29CDF642C129B1000197FC3 /* KeyboardOverlay.swift */,
			);
			path = Keyboard;
			sourceTree = "<group>";
		};
/* End PBXGroup section */

/* Begin PBXNativeTarget section */
		B23860152C0F15AA00F84480 /* MoaKey */ = {
			isa = PBXNativeTarget;
			buildConfigurationList = B238602A2C0F15AC00F84480 /* Build configuration list for PBXNativeTarget "MoaKey" */;
			buildPhases = (
				B23860122C0F15AA00F84480 /* Sources */,
				B23860132C0F15AA00F84480 /* Frameworks */,
				B23860142C0F15AA00F84480 /* Resources */,
				B238603C2C0F15D800F84480 /* Embed Foundation Extensions */,
			);
			buildRules = (
			);
			dependencies = (
				B23860372C0F15D800F84480 /* PBXTargetDependency */,
			);
			name = MoaKey;
			productName = MoaKey;
			productReference = B23860162C0F15AA00F84480 /* MoaKey.app */;
			productType = "com.apple.product-type.application";
		};
		B23860302C0F15D800F84480 /* Keyboard */ = {
			isa = PBXNativeTarget;
			buildConfigurationList = B23860392C0F15D800F84480 /* Build configuration list for PBXNativeTarget "Keyboard" */;
			buildPhases = (
				B238602D2C0F15D800F84480 /* Sources */,
				B238602E2C0F15D800F84480 /* Frameworks */,
				B238602F2C0F15D800F84480 /* Resources */,
			);
			buildRules = (
			);
			dependencies = (
			);
			name = Keyboard;
			productName = Keyboard;
			productReference = B23860312C0F15D800F84480 /* Keyboard.appex */;
			productType = "com.apple.product-type.app-extension";
		};
/* End PBXNativeTarget section */

/* Begin PBXProject section */
		B238600E2C0F15AA00F84480 /* Project object */ = {
			isa = PBXProject;
			attributes = {
				BuildIndependentTargetsInParallel = 1;
				LastSwiftUpdateCheck = 1540;
				LastUpgradeCheck = 1540;
				TargetAttributes = {
					B23860152C0F15AA00F84480 = {
						CreatedOnToolsVersion = 15.4;
					};
					B23860302C0F15D800F84480 = {
						CreatedOnToolsVersion = 15.4;
					};
				};
			};
			buildConfigurationList = B23860112C0F15AA00F84480 /* Build configuration list for PBXProject "MoaKey" */;
			compatibilityVersion = "Xcode 14.0";
			developmentRegion = ko;
			hasScannedForEncodings = 0;
			knownRegions = (
				en,
				Base,
				ko,
			);
			mainGroup = B238600D2C0F15AA00F84480;
			productRefGroup = B23860172C0F15AA00F84480 /* Products */;
			projectDirPath = "";
			projectRoot = "";
			targets = (
				B23860152C0F15AA00F84480 /* MoaKey */,
				B23860302C0F15D800F84480 /* Keyboard */,
			);
		};
/* End PBXProject section */

/* Begin PBXResourcesBuildPhase section */
		B23860142C0F15AA00F84480 /* Resources */ = {
			isa = PBXResourcesBuildPhase;
			buildActionMask = 2147483647;
			files = (
				B23860232C0F15AC00F84480 /* Assets.xcassets in Resources */,
				B23860262C0F15AC00F84480 /* Base in Resources */,
				B21B93B42C1077C40024E70A /* Localizable.xcstrings in Resources */,
			);
			runOnlyForDeploymentPostprocessing = 0;
		};
		B238602F2C0F15D800F84480 /* Resources */ = {
			isa = PBXResourcesBuildPhase;
			buildActionMask = 2147483647;
			files = (
			);
			runOnlyForDeploymentPostprocessing = 0;
		};
/* End PBXResourcesBuildPhase section */

/* Begin PBXSourcesBuildPhase section */
		B23860122C0F15AA00F84480 /* Sources */ = {
			isa = PBXSourcesBuildPhase;
			buildActionMask = 2147483647;
			files = (
				B21B93B22C1075400024E70A /* HowToUseView.swift in Sources */,
				B238601A2C0F15AA00F84480 /* AppDelegate.swift in Sources */,
				B29CDF682C129C2300197FC3 /* KeyboardOverlay.swift in Sources */,
				B21B93AF2C1074CC0024E70A /* AllowFullAccessView.swift in Sources */,
				B21B93AB2C1041700024E70A /* ContentView.swift in Sources */,
				B21B93AD2C1073F60024E70A /* WelcomeScreen.swift in Sources */,
				B238601C2C0F15AA00F84480 /* SceneDelegate.swift in Sources */,
			);
			runOnlyForDeploymentPostprocessing = 0;
		};
		B238602D2C0F15D800F84480 /* Sources */ = {
			isa = PBXSourcesBuildPhase;
			buildActionMask = 2147483647;
			files = (
				B23860342C0F15D800F84480 /* KeyboardViewController.swift in Sources */,
				B29CDF662C129B1000197FC3 /* KeyboardOverlay.swift in Sources */,
				B29CDF672C129B1000197FC3 /* KeyboardKey.swift in Sources */,
				B21B93A92C103D3C0024E70A /* Automata.swift in Sources */,
			);
			runOnlyForDeploymentPostprocessing = 0;
		};
/* End PBXSourcesBuildPhase section */

/* Begin PBXTargetDependency section */
		B23860372C0F15D800F84480 /* PBXTargetDependency */ = {
			isa = PBXTargetDependency;
			target = B23860302C0F15D800F84480 /* Keyboard */;
			targetProxy = B23860362C0F15D800F84480 /* PBXContainerItemProxy */;
		};
/* End PBXTargetDependency section */

/* Begin PBXVariantGroup section */
		B23860242C0F15AC00F84480 /* LaunchScreen.storyboard */ = {
			isa = PBXVariantGroup;
			children = (
				B23860252C0F15AC00F84480 /* Base */,
				B21B93B02C1074E70024E70A /* ko */,
			);
			name = LaunchScreen.storyboard;
			sourceTree = "<group>";
		};
/* End PBXVariantGroup section */

/* Begin XCBuildConfiguration section */
		B23860282C0F15AC00F84480 /* Debug */ = {
			isa = XCBuildConfiguration;
			buildSettings = {
				ALWAYS_SEARCH_USER_PATHS = NO;
				ASSETCATALOG_COMPILER_GENERATE_SWIFT_ASSET_SYMBOL_EXTENSIONS = YES;
				CLANG_ANALYZER_LOCALIZABILITY_NONLOCALIZED = YES;
				CLANG_ANALYZER_NONNULL = YES;
				CLANG_ANALYZER_NUMBER_OBJECT_CONVERSION = YES_AGGRESSIVE;
				CLANG_CXX_LANGUAGE_STANDARD = "gnu++20";
				CLANG_ENABLE_MODULES = YES;
				CLANG_ENABLE_OBJC_ARC = YES;
				CLANG_ENABLE_OBJC_WEAK = YES;
				CLANG_WARN_BLOCK_CAPTURE_AUTORELEASING = YES;
				CLANG_WARN_BOOL_CONVERSION = YES;
				CLANG_WARN_COMMA = YES;
				CLANG_WARN_CONSTANT_CONVERSION = YES;
				CLANG_WARN_DEPRECATED_OBJC_IMPLEMENTATIONS = YES;
				CLANG_WARN_DIRECT_OBJC_ISA_USAGE = YES_ERROR;
				CLANG_WARN_DOCUMENTATION_COMMENTS = YES;
				CLANG_WARN_EMPTY_BODY = YES;
				CLANG_WARN_ENUM_CONVERSION = YES;
				CLANG_WARN_INFINITE_RECURSION = YES;
				CLANG_WARN_INT_CONVERSION = YES;
				CLANG_WARN_NON_LITERAL_NULL_CONVERSION = YES;
				CLANG_WARN_OBJC_IMPLICIT_RETAIN_SELF = YES;
				CLANG_WARN_OBJC_LITERAL_CONVERSION = YES;
				CLANG_WARN_OBJC_ROOT_CLASS = YES_ERROR;
				CLANG_WARN_QUOTED_INCLUDE_IN_FRAMEWORK_HEADER = YES;
				CLANG_WARN_RANGE_LOOP_ANALYSIS = YES;
				CLANG_WARN_STRICT_PROTOTYPES = YES;
				CLANG_WARN_SUSPICIOUS_MOVE = YES;
				CLANG_WARN_UNGUARDED_AVAILABILITY = YES_AGGRESSIVE;
				CLANG_WARN_UNREACHABLE_CODE = YES;
				CLANG_WARN__DUPLICATE_METHOD_MATCH = YES;
				COPY_PHASE_STRIP = NO;
				DEBUG_INFORMATION_FORMAT = dwarf;
				ENABLE_STRICT_OBJC_MSGSEND = YES;
				ENABLE_TESTABILITY = YES;
				ENABLE_USER_SCRIPT_SANDBOXING = YES;
				GCC_C_LANGUAGE_STANDARD = gnu17;
				GCC_DYNAMIC_NO_PIC = NO;
				GCC_NO_COMMON_BLOCKS = YES;
				GCC_OPTIMIZATION_LEVEL = 0;
				GCC_PREPROCESSOR_DEFINITIONS = (
					"DEBUG=1",
					"$(inherited)",
				);
				GCC_WARN_64_TO_32_BIT_CONVERSION = YES;
				GCC_WARN_ABOUT_RETURN_TYPE = YES_ERROR;
				GCC_WARN_UNDECLARED_SELECTOR = YES;
				GCC_WARN_UNINITIALIZED_AUTOS = YES_AGGRESSIVE;
				GCC_WARN_UNUSED_FUNCTION = YES;
				GCC_WARN_UNUSED_VARIABLE = YES;
				IPHONEOS_DEPLOYMENT_TARGET = 15.0;
				LOCALIZATION_PREFERS_STRING_CATALOGS = YES;
				MTL_ENABLE_DEBUG_INFO = INCLUDE_SOURCE;
				MTL_FAST_MATH = YES;
				ONLY_ACTIVE_ARCH = YES;
				SDKROOT = iphoneos;
				SWIFT_ACTIVE_COMPILATION_CONDITIONS = "DEBUG $(inherited)";
				SWIFT_OPTIMIZATION_LEVEL = "-Onone";
			};
			name = Debug;
		};
		B23860292C0F15AC00F84480 /* Release */ = {
			isa = XCBuildConfiguration;
			buildSettings = {
				ALWAYS_SEARCH_USER_PATHS = NO;
				ASSETCATALOG_COMPILER_GENERATE_SWIFT_ASSET_SYMBOL_EXTENSIONS = YES;
				CLANG_ANALYZER_LOCALIZABILITY_NONLOCALIZED = YES;
				CLANG_ANALYZER_NONNULL = YES;
				CLANG_ANALYZER_NUMBER_OBJECT_CONVERSION = YES_AGGRESSIVE;
				CLANG_CXX_LANGUAGE_STANDARD = "gnu++20";
				CLANG_ENABLE_MODULES = YES;
				CLANG_ENABLE_OBJC_ARC = YES;
				CLANG_ENABLE_OBJC_WEAK = YES;
				CLANG_WARN_BLOCK_CAPTURE_AUTORELEASING = YES;
				CLANG_WARN_BOOL_CONVERSION = YES;
				CLANG_WARN_COMMA = YES;
				CLANG_WARN_CONSTANT_CONVERSION = YES;
				CLANG_WARN_DEPRECATED_OBJC_IMPLEMENTATIONS = YES;
				CLANG_WARN_DIRECT_OBJC_ISA_USAGE = YES_ERROR;
				CLANG_WARN_DOCUMENTATION_COMMENTS = YES;
				CLANG_WARN_EMPTY_BODY = YES;
				CLANG_WARN_ENUM_CONVERSION = YES;
				CLANG_WARN_INFINITE_RECURSION = YES;
				CLANG_WARN_INT_CONVERSION = YES;
				CLANG_WARN_NON_LITERAL_NULL_CONVERSION = YES;
				CLANG_WARN_OBJC_IMPLICIT_RETAIN_SELF = YES;
				CLANG_WARN_OBJC_LITERAL_CONVERSION = YES;
				CLANG_WARN_OBJC_ROOT_CLASS = YES_ERROR;
				CLANG_WARN_QUOTED_INCLUDE_IN_FRAMEWORK_HEADER = YES;
				CLANG_WARN_RANGE_LOOP_ANALYSIS = YES;
				CLANG_WARN_STRICT_PROTOTYPES = YES;
				CLANG_WARN_SUSPICIOUS_MOVE = YES;
				CLANG_WARN_UNGUARDED_AVAILABILITY = YES_AGGRESSIVE;
				CLANG_WARN_UNREACHABLE_CODE = YES;
				CLANG_WARN__DUPLICATE_METHOD_MATCH = YES;
				COPY_PHASE_STRIP = NO;
				DEBUG_INFORMATION_FORMAT = "dwarf-with-dsym";
				ENABLE_NS_ASSERTIONS = NO;
				ENABLE_STRICT_OBJC_MSGSEND = YES;
				ENABLE_USER_SCRIPT_SANDBOXING = YES;
				GCC_C_LANGUAGE_STANDARD = gnu17;
				GCC_NO_COMMON_BLOCKS = YES;
				GCC_WARN_64_TO_32_BIT_CONVERSION = YES;
				GCC_WARN_ABOUT_RETURN_TYPE = YES_ERROR;
				GCC_WARN_UNDECLARED_SELECTOR = YES;
				GCC_WARN_UNINITIALIZED_AUTOS = YES_AGGRESSIVE;
				GCC_WARN_UNUSED_FUNCTION = YES;
				GCC_WARN_UNUSED_VARIABLE = YES;
				IPHONEOS_DEPLOYMENT_TARGET = 15.0;
				LOCALIZATION_PREFERS_STRING_CATALOGS = YES;
				MTL_ENABLE_DEBUG_INFO = NO;
				MTL_FAST_MATH = YES;
				SDKROOT = iphoneos;
				SWIFT_COMPILATION_MODE = wholemodule;
				VALIDATE_PRODUCT = YES;
			};
			name = Release;
		};
		B238602B2C0F15AC00F84480 /* Debug */ = {
			isa = XCBuildConfiguration;
			buildSettings = {
				ALWAYS_EMBED_SWIFT_STANDARD_LIBRARIES = YES;
				ASSETCATALOG_COMPILER_APPICON_NAME = AppIcon;
				ASSETCATALOG_COMPILER_GLOBAL_ACCENT_COLOR_NAME = AccentColor;
				CODE_SIGN_STYLE = Automatic;
				CURRENT_PROJECT_VERSION = 1;
				DEVELOPMENT_TEAM = 98882K9P37;
				GENERATE_INFOPLIST_FILE = YES;
				INFOPLIST_FILE = MoaKey/Info.plist;
				INFOPLIST_KEY_UIApplicationSupportsIndirectInputEvents = YES;
				INFOPLIST_KEY_UILaunchStoryboardName = LaunchScreen;
				INFOPLIST_KEY_UIMainStoryboardFile = "";
				INFOPLIST_KEY_UISupportedInterfaceOrientations = UIInterfaceOrientationPortrait;
				INFOPLIST_KEY_UISupportedInterfaceOrientations_iPad = "UIInterfaceOrientationLandscapeLeft UIInterfaceOrientationLandscapeRight UIInterfaceOrientationPortrait UIInterfaceOrientationPortraitUpsideDown";
				IPHONEOS_DEPLOYMENT_TARGET = 15.0;
				LD_RUNPATH_SEARCH_PATHS = (
					"$(inherited)",
					"@executable_path/Frameworks",
				);
				MARKETING_VERSION = 1.0;
				PRODUCT_BUNDLE_IDENTIFIER = com.n30gu1.MoaKey;
				PRODUCT_NAME = "$(TARGET_NAME)";
				SUPPORTED_PLATFORMS = "iphoneos iphonesimulator";
				SUPPORTS_MACCATALYST = NO;
				SUPPORTS_MAC_DESIGNED_FOR_IPHONE_IPAD = NO;
				SUPPORTS_XR_DESIGNED_FOR_IPHONE_IPAD = NO;
				SWIFT_EMIT_LOC_STRINGS = YES;
				SWIFT_VERSION = 5.0;
				TARGETED_DEVICE_FAMILY = 1;
			};
			name = Debug;
		};
		B238602C2C0F15AC00F84480 /* Release */ = {
			isa = XCBuildConfiguration;
			buildSettings = {
				ALWAYS_EMBED_SWIFT_STANDARD_LIBRARIES = YES;
				ASSETCATALOG_COMPILER_APPICON_NAME = AppIcon;
				ASSETCATALOG_COMPILER_GLOBAL_ACCENT_COLOR_NAME = AccentColor;
				CODE_SIGN_STYLE = Automatic;
				CURRENT_PROJECT_VERSION = 1;
				DEVELOPMENT_TEAM = 98882K9P37;
				GENERATE_INFOPLIST_FILE = YES;
				INFOPLIST_FILE = MoaKey/Info.plist;
				INFOPLIST_KEY_UIApplicationSupportsIndirectInputEvents = YES;
				INFOPLIST_KEY_UILaunchStoryboardName = LaunchScreen;
				INFOPLIST_KEY_UIMainStoryboardFile = "";
				INFOPLIST_KEY_UISupportedInterfaceOrientations = UIInterfaceOrientationPortrait;
				INFOPLIST_KEY_UISupportedInterfaceOrientations_iPad = "UIInterfaceOrientationLandscapeLeft UIInterfaceOrientationLandscapeRight UIInterfaceOrientationPortrait UIInterfaceOrientationPortraitUpsideDown";
				IPHONEOS_DEPLOYMENT_TARGET = 15.0;
				LD_RUNPATH_SEARCH_PATHS = (
					"$(inherited)",
					"@executable_path/Frameworks",
				);
				MARKETING_VERSION = 1.0;
				PRODUCT_BUNDLE_IDENTIFIER = com.n30gu1.MoaKey;
				PRODUCT_NAME = "$(TARGET_NAME)";
				SUPPORTED_PLATFORMS = "iphoneos iphonesimulator";
				SUPPORTS_MACCATALYST = NO;
				SUPPORTS_MAC_DESIGNED_FOR_IPHONE_IPAD = NO;
				SUPPORTS_XR_DESIGNED_FOR_IPHONE_IPAD = NO;
				SWIFT_EMIT_LOC_STRINGS = YES;
				SWIFT_VERSION = 5.0;
				TARGETED_DEVICE_FAMILY = 1;
			};
			name = Release;
		};
		B238603A2C0F15D800F84480 /* Debug */ = {
			isa = XCBuildConfiguration;
			buildSettings = {
				CODE_SIGN_STYLE = Automatic;
				CURRENT_PROJECT_VERSION = 1;
				DEVELOPMENT_TEAM = 98882K9P37;
				GENERATE_INFOPLIST_FILE = YES;
				INFOPLIST_FILE = Keyboard/Info.plist;
				INFOPLIST_KEY_CFBundleDisplayName = Keyboard;
				INFOPLIST_KEY_NSHumanReadableCopyright = "";
				IPHONEOS_DEPLOYMENT_TARGET = 15.0;
				LD_RUNPATH_SEARCH_PATHS = (
					"$(inherited)",
					"@executable_path/Frameworks",
					"@executable_path/../../Frameworks",
				);
				MARKETING_VERSION = 1.0;
				PRODUCT_BUNDLE_IDENTIFIER = com.n30gu1.MoaKey.Keyboard;
				PRODUCT_NAME = "$(TARGET_NAME)";
				SKIP_INSTALL = YES;
				SUPPORTED_PLATFORMS = "iphoneos iphonesimulator";
				SUPPORTS_MACCATALYST = NO;
				SUPPORTS_MAC_DESIGNED_FOR_IPHONE_IPAD = NO;
				SUPPORTS_XR_DESIGNED_FOR_IPHONE_IPAD = NO;
				SWIFT_EMIT_LOC_STRINGS = YES;
				SWIFT_VERSION = 5.0;
				TARGETED_DEVICE_FAMILY = 1;
			};
			name = Debug;
		};
		B238603B2C0F15D800F84480 /* Release */ = {
			isa = XCBuildConfiguration;
			buildSettings = {
				CODE_SIGN_STYLE = Automatic;
				CURRENT_PROJECT_VERSION = 1;
				DEVELOPMENT_TEAM = 98882K9P37;
				GENERATE_INFOPLIST_FILE = YES;
				INFOPLIST_FILE = Keyboard/Info.plist;
				INFOPLIST_KEY_CFBundleDisplayName = Keyboard;
				INFOPLIST_KEY_NSHumanReadableCopyright = "";
				IPHONEOS_DEPLOYMENT_TARGET = 15.0;
				LD_RUNPATH_SEARCH_PATHS = (
					"$(inherited)",
					"@executable_path/Frameworks",
					"@executable_path/../../Frameworks",
				);
				MARKETING_VERSION = 1.0;
				PRODUCT_BUNDLE_IDENTIFIER = com.n30gu1.MoaKey.Keyboard;
				PRODUCT_NAME = "$(TARGET_NAME)";
				SKIP_INSTALL = YES;
				SUPPORTED_PLATFORMS = "iphoneos iphonesimulator";
				SUPPORTS_MACCATALYST = NO;
				SUPPORTS_MAC_DESIGNED_FOR_IPHONE_IPAD = NO;
				SUPPORTS_XR_DESIGNED_FOR_IPHONE_IPAD = NO;
				SWIFT_EMIT_LOC_STRINGS = YES;
				SWIFT_VERSION = 5.0;
				TARGETED_DEVICE_FAMILY = 1;
			};
			name = Release;
		};
/* End XCBuildConfiguration section */

/* Begin XCConfigurationList section */
		B23860112C0F15AA00F84480 /* Build configuration list for PBXProject "MoaKey" */ = {
			isa = XCConfigurationList;
			buildConfigurations = (
				B23860282C0F15AC00F84480 /* Debug */,
				B23860292C0F15AC00F84480 /* Release */,
			);
			defaultConfigurationIsVisible = 0;
			defaultConfigurationName = Release;
		};
		B238602A2C0F15AC00F84480 /* Build configuration list for PBXNativeTarget "MoaKey" */ = {
			isa = XCConfigurationList;
			buildConfigurations = (
				B238602B2C0F15AC00F84480 /* Debug */,
				B238602C2C0F15AC00F84480 /* Release */,
			);
			defaultConfigurationIsVisible = 0;
			defaultConfigurationName = Release;
		};
		B23860392C0F15D800F84480 /* Build configuration list for PBXNativeTarget "Keyboard" */ = {
			isa = XCConfigurationList;
			buildConfigurations = (
				B238603A2C0F15D800F84480 /* Debug */,
				B238603B2C0F15D800F84480 /* Release */,
			);
			defaultConfigurationIsVisible = 0;
			defaultConfigurationName = Release;
		};
/* End XCConfigurationList section */
	};
	rootObject = B238600E2C0F15AA00F84480 /* Project object */;
}
