{
  "originHash" : "3976277bf88ee5c55fedd2a3800756b137996eb06fa94d9a13e303722d069ee3",
  "pins" : [
    {
      "identity" : "representablekit",
      "kind" : "remoteSourceControl",
      "location" : "https://github.com/yumemi-inc/RepresentableKit.git",
      "state" : {
        "branch" : "main",
        "revision" : "77b5ea15838c7f28464d4b01540b7dac8f74ec9c"
      }
    }
  ],
  "version" : 3
}
